// !$*UTF8*$!
{
	archiveVersion = 1;
	classes = {
	};
	objectVersion = 56;
	objects = {

/* Begin PBXBuildFile section */
		D72FCA302AA08680000CB4DE /* FinishView.swift in Sources */ = {isa = PBXBuildFile; fileRef = D72FCA2F2AA08680000CB4DE /* FinishView.swift */; };
		D74D33CA2AA0BB4A009B774F /* SettingsView.swift in Sources */ = {isa = PBXBuildFile; fileRef = D74D33C92AA0BB4A009B774F /* SettingsView.swift */; };
		D74D33CC2AA0F3C8009B774F /* DataManager.swift in Sources */ = {isa = PBXBuildFile; fileRef = D74D33CB2AA0F3C8009B774F /* DataManager.swift */; };
		D79BF0CB2AA085A3006A8C17 /* ShapyApp.swift in Sources */ = {isa = PBXBuildFile; fileRef = D79BF0CA2AA085A2006A8C17 /* ShapyApp.swift */; };
		D79BF0CD2AA085A3006A8C17 /* LandingView.swift in Sources */ = {isa = PBXBuildFile; fileRef = D79BF0CC2AA085A3006A8C17 /* LandingView.swift */; };
		D79BF0CF2AA085A4006A8C17 /* Assets.xcassets in Resources */ = {isa = PBXBuildFile; fileRef = D79BF0CE2AA085A4006A8C17 /* Assets.xcassets */; };
		D79BF0D22AA085A4006A8C17 /* Preview Assets.xcassets in Resources */ = {isa = PBXBuildFile; fileRef = D79BF0D12AA085A4006A8C17 /* Preview Assets.xcassets */; };
		D7BAF9BC2AA08620003FE9CF /* PausedView.swift in Sources */ = {isa = PBXBuildFile; fileRef = D7BAF9BB2AA08620003FE9CF /* PausedView.swift */; };
		D7BAF9BE2AA0864C003FE9CF /* ExerciceView.swift in Sources */ = {isa = PBXBuildFile; fileRef = D7BAF9BD2AA0864C003FE9CF /* ExerciceView.swift */; };
/* End PBXBuildFile section */

/* Begin PBXFileReference section */
		D72FCA2F2AA08680000CB4DE /* FinishView.swift */ = {isa = PBXFileReference; lastKnownFileType = sourcecode.swift; path = FinishView.swift; sourceTree = "<group>"; };
		D74D33C92AA0BB4A009B774F /* SettingsView.swift */ = {isa = PBXFileReference; lastKnownFileType = sourcecode.swift; path = SettingsView.swift; sourceTree = "<group>"; };
		D74D33CB2AA0F3C8009B774F /* DataManager.swift */ = {isa = PBXFileReference; lastKnownFileType = sourcecode.swift; path = DataManager.swift; sourceTree = "<group>"; };
		D79BF0C72AA085A2006A8C17 /* Shapy.app */ = {isa = PBXFileReference; explicitFileType = wrapper.application; includeInIndex = 0; path = Shapy.app; sourceTree = BUILT_PRODUCTS_DIR; };
		D79BF0CA2AA085A2006A8C17 /* ShapyApp.swift */ = {isa = PBXFileReference; lastKnownFileType = sourcecode.swift; path = ShapyApp.swift; sourceTree = "<group>"; };
		D79BF0CC2AA085A3006A8C17 /* LandingView.swift */ = {isa = PBXFileReference; lastKnownFileType = sourcecode.swift; path = LandingView.swift; sourceTree = "<group>"; };
		D79BF0CE2AA085A4006A8C17 /* Assets.xcassets */ = {isa = PBXFileReference; lastKnownFileType = folder.assetcatalog; path = Assets.xcassets; sourceTree = "<group>"; };
		D79BF0D12AA085A4006A8C17 /* Preview Assets.xcassets */ = {isa = PBXFileReference; lastKnownFileType = folder.assetcatalog; path = "Preview Assets.xcassets"; sourceTree = "<group>"; };
		D7BAF9BB2AA08620003FE9CF /* PausedView.swift */ = {isa = PBXFileReference; lastKnownFileType = sourcecode.swift; path = PausedView.swift; sourceTree = "<group>"; };
		D7BAF9BD2AA0864C003FE9CF /* ExerciceView.swift */ = {isa = PBXFileReference; lastKnownFileType = sourcecode.swift; path = ExerciceView.swift; sourceTree = "<group>"; };
/* End PBXFileReference section */

/* Begin PBXFrameworksBuildPhase section */
		D79BF0C42AA085A2006A8C17 /* Frameworks */ = {
			isa = PBXFrameworksBuildPhase;
			buildActionMask = 2147483647;
			files = (
			);
			runOnlyForDeploymentPostprocessing = 0;
		};
/* End PBXFrameworksBuildPhase section */

/* Begin PBXGroup section */
		D79BF0BE2AA085A2006A8C17 = {
			isa = PBXGroup;
			children = (
				D79BF0C92AA085A2006A8C17 /* Shapy */,
				D79BF0C82AA085A2006A8C17 /* Products */,
			);
			sourceTree = "<group>";
		};
		D79BF0C82AA085A2006A8C17 /* Products */ = {
			isa = PBXGroup;
			children = (
				D79BF0C72AA085A2006A8C17 /* Shapy.app */,
			);
			name = Products;
			sourceTree = "<group>";
		};
		D79BF0C92AA085A2006A8C17 /* Shapy */ = {
			isa = PBXGroup;
			children = (
				D79BF0CA2AA085A2006A8C17 /* ShapyApp.swift */,
				D74D33CB2AA0F3C8009B774F /* DataManager.swift */,
				D79BF0CC2AA085A3006A8C17 /* LandingView.swift */,
				D7BAF9BB2AA08620003FE9CF /* PausedView.swift */,
				D7BAF9BD2AA0864C003FE9CF /* ExerciceView.swift */,
				D72FCA2F2AA08680000CB4DE /* FinishView.swift */,
				D74D33C92AA0BB4A009B774F /* SettingsView.swift */,
				D79BF0CE2AA085A4006A8C17 /* Assets.xcassets */,
				D79BF0D02AA085A4006A8C17 /* Preview Content */,
			);
			path = Shapy;
			sourceTree = "<group>";
		};
		D79BF0D02AA085A4006A8C17 /* Preview Content */ = {
			isa = PBXGroup;
			children = (
				D79BF0D12AA085A4006A8C17 /* Preview Assets.xcassets */,
			);
			path = "Preview Content";
			sourceTree = "<group>";
		};
/* End PBXGroup section */

/* Begin PBXNativeTarget section */
		D79BF0C62AA085A2006A8C17 /* Shapy */ = {
			isa = PBXNativeTarget;
			buildConfigurationList = D79BF0D52AA085A4006A8C17 /* Build configuration list for PBXNativeTarget "Shapy" */;
			buildPhases = (
				D79BF0C32AA085A2006A8C17 /* Sources */,
				D79BF0C42AA085A2006A8C17 /* Frameworks */,
				D79BF0C52AA085A2006A8C17 /* Resources */,
			);
			buildRules = (
			);
			dependencies = (
			);
			name = Shapy;
			productName = Shapy;
			productReference = D79BF0C72AA085A2006A8C17 /* Shapy.app */;
			productType = "com.apple.product-type.application";
		};
/* End PBXNativeTarget section */

/* Begin PBXProject section */
		D79BF0BF2AA085A2006A8C17 /* Project object */ = {
			isa = PBXProject;
			attributes = {
				BuildIndependentTargetsInParallel = 1;
				LastSwiftUpdateCheck = 1420;
				LastUpgradeCheck = 1420;
				TargetAttributes = {
					D79BF0C62AA085A2006A8C17 = {
						CreatedOnToolsVersion = 14.2;
					};
				};
			};
			buildConfigurationList = D79BF0C22AA085A2006A8C17 /* Build configuration list for PBXProject "Shapy" */;
			compatibilityVersion = "Xcode 14.0";
			developmentRegion = en;
			hasScannedForEncodings = 0;
			knownRegions = (
				en,
				Base,
			);
			mainGroup = D79BF0BE2AA085A2006A8C17;
			productRefGroup = D79BF0C82AA085A2006A8C17 /* Products */;
			projectDirPath = "";
			projectRoot = "";
			targets = (
				D79BF0C62AA085A2006A8C17 /* Shapy */,
			);
		};
/* End PBXProject section */

/* Begin PBXResourcesBuildPhase section */
		D79BF0C52AA085A2006A8C17 /* Resources */ = {
			isa = PBXResourcesBuildPhase;
			buildActionMask = 2147483647;
			files = (
				D79BF0D22AA085A4006A8C17 /* Preview Assets.xcassets in Resources */,
				D79BF0CF2AA085A4006A8C17 /* Assets.xcassets in Resources */,
			);
			runOnlyForDeploymentPostprocessing = 0;
		};
/* End PBXResourcesBuildPhase section */

/* Begin PBXSourcesBuildPhase section */
		D79BF0C32AA085A2006A8C17 /* Sources */ = {
			isa = PBXSourcesBuildPhase;
			buildActionMask = 2147483647;
			files = (
				D7BAF9BE2AA0864C003FE9CF /* ExerciceView.swift in Sources */,
				D72FCA302AA08680000CB4DE /* FinishView.swift in Sources */,
				D79BF0CD2AA085A3006A8C17 /* LandingView.swift in Sources */,
				D74D33CC2AA0F3C8009B774F /* DataManager.swift in Sources */,
				D74D33CA2AA0BB4A009B774F /* SettingsView.swift in Sources */,
				D7BAF9BC2AA08620003FE9CF /* PausedView.swift in Sources */,
				D79BF0CB2AA085A3006A8C17 /* ShapyApp.swift in Sources */,
			);
			runOnlyForDeploymentPostprocessing = 0;
		};
/* End PBXSourcesBuildPhase section */

/* Begin XCBuildConfiguration section */
		D79BF0D32AA085A4006A8C17 /* Debug */ = {
			isa = XCBuildConfiguration;
			buildSettings = {
				ALWAYS_SEARCH_USER_PATHS = NO;
				CLANG_ANALYZER_NONNULL = YES;
				CLANG_ANALYZER_NUMBER_OBJECT_CONVERSION = YES_AGGRESSIVE;
				CLANG_CXX_LANGUAGE_STANDARD = "gnu++20";
				CLANG_ENABLE_MODULES = YES;
				CLANG_ENABLE_OBJC_ARC = YES;
				CLANG_ENABLE_OBJC_WEAK = YES;
				CLANG_WARN_BLOCK_CAPTURE_AUTORELEASING = YES;
				CLANG_WARN_BOOL_CONVERSION = YES;
				CLANG_WARN_COMMA = YES;
				CLANG_WARN_CONSTANT_CONVERSION = YES;
				CLANG_WARN_DEPRECATED_OBJC_IMPLEMENTATIONS = YES;
				CLANG_WARN_DIRECT_OBJC_ISA_USAGE = YES_ERROR;
				CLANG_WARN_DOCUMENTATION_COMMENTS = YES;
				CLANG_WARN_EMPTY_BODY = YES;
				CLANG_WARN_ENUM_CONVERSION = YES;
				CLANG_WARN_INFINITE_RECURSION = YES;
				CLANG_WARN_INT_CONVERSION = YES;
				CLANG_WARN_NON_LITERAL_NULL_CONVERSION = YES;
				CLANG_WARN_OBJC_IMPLICIT_RETAIN_SELF = YES;
				CLANG_WARN_OBJC_LITERAL_CONVERSION = YES;
				CLANG_WARN_OBJC_ROOT_CLASS = YES_ERROR;
				CLANG_WARN_QUOTED_INCLUDE_IN_FRAMEWORK_HEADER = YES;
				CLANG_WARN_RANGE_LOOP_ANALYSIS = YES;
				CLANG_WARN_STRICT_PROTOTYPES = YES;
				CLANG_WARN_SUSPICIOUS_MOVE = YES;
				CLANG_WARN_UNGUARDED_AVAILABILITY = YES_AGGRESSIVE;
				CLANG_WARN_UNREACHABLE_CODE = YES;
				CLANG_WARN__DUPLICATE_METHOD_MATCH = YES;
				COPY_PHASE_STRIP = NO;
				DEBUG_INFORMATION_FORMAT = dwarf;
				ENABLE_STRICT_OBJC_MSGSEND = YES;
				ENABLE_TESTABILITY = YES;
				GCC_C_LANGUAGE_STANDARD = gnu11;
				GCC_DYNAMIC_NO_PIC = NO;
				GCC_NO_COMMON_BLOCKS = YES;
				GCC_OPTIMIZATION_LEVEL = 0;
				GCC_PREPROCESSOR_DEFINITIONS = (
					"DEBUG=1",
					"$(inherited)",
				);
				GCC_WARN_64_TO_32_BIT_CONVERSION = YES;
				GCC_WARN_ABOUT_RETURN_TYPE = YES_ERROR;
				GCC_WARN_UNDECLARED_SELECTOR = YES;
				GCC_WARN_UNINITIALIZED_AUTOS = YES_AGGRESSIVE;
				GCC_WARN_UNUSED_FUNCTION = YES;
				GCC_WARN_UNUSED_VARIABLE = YES;
				IPHONEOS_DEPLOYMENT_TARGET = 16.2;
				MTL_ENABLE_DEBUG_INFO = INCLUDE_SOURCE;
				MTL_FAST_MATH = YES;
				ONLY_ACTIVE_ARCH = YES;
				SDKROOT = iphoneos;
				SWIFT_ACTIVE_COMPILATION_CONDITIONS = DEBUG;
				SWIFT_OPTIMIZATION_LEVEL = "-Onone";
			};
			name = Debug;
		};
		D79BF0D42AA085A4006A8C17 /* Release */ = {
			isa = XCBuildConfiguration;
			buildSettings = {
				ALWAYS_SEARCH_USER_PATHS = NO;
				CLANG_ANALYZER_NONNULL = YES;
				CLANG_ANALYZER_NUMBER_OBJECT_CONVERSION = YES_AGGRESSIVE;
				CLANG_CXX_LANGUAGE_STANDARD = "gnu++20";
				CLANG_ENABLE_MODULES = YES;
				CLANG_ENABLE_OBJC_ARC = YES;
				CLANG_ENABLE_OBJC_WEAK = YES;
				CLANG_WARN_BLOCK_CAPTURE_AUTORELEASING = YES;
				CLANG_WARN_BOOL_CONVERSION = YES;
				CLANG_WARN_COMMA = YES;
				CLANG_WARN_CONSTANT_CONVERSION = YES;
				CLANG_WARN_DEPRECATED_OBJC_IMPLEMENTATIONS = YES;
				CLANG_WARN_DIRECT_OBJC_ISA_USAGE = YES_ERROR;
				CLANG_WARN_DOCUMENTATION_COMMENTS = YES;
				CLANG_WARN_EMPTY_BODY = YES;
				CLANG_WARN_ENUM_CONVERSION = YES;
				CLANG_WARN_INFINITE_RECURSION = YES;
				CLANG_WARN_INT_CONVERSION = YES;
				CLANG_WARN_NON_LITERAL_NULL_CONVERSION = YES;
				CLANG_WARN_OBJC_IMPLICIT_RETAIN_SELF = YES;
				CLANG_WARN_OBJC_LITERAL_CONVERSION = YES;
				CLANG_WARN_OBJC_ROOT_CLASS = YES_ERROR;
				CLANG_WARN_QUOTED_INCLUDE_IN_FRAMEWORK_HEADER = YES;
				CLANG_WARN_RANGE_LOOP_ANALYSIS = YES;
				CLANG_WARN_STRICT_PROTOTYPES = YES;
				CLANG_WARN_SUSPICIOUS_MOVE = YES;
				CLANG_WARN_UNGUARDED_AVAILABILITY = YES_AGGRESSIVE;
				CLANG_WARN_UNREACHABLE_CODE = YES;
				CLANG_WARN__DUPLICATE_METHOD_MATCH = YES;
				COPY_PHASE_STRIP = NO;
				DEBUG_INFORMATION_FORMAT = "dwarf-with-dsym";
				ENABLE_NS_ASSERTIONS = NO;
				ENABLE_STRICT_OBJC_MSGSEND = YES;
				GCC_C_LANGUAGE_STANDARD = gnu11;
				GCC_NO_COMMON_BLOCKS = YES;
				GCC_WARN_64_TO_32_BIT_CONVERSION = YES;
				GCC_WARN_ABOUT_RETURN_TYPE = YES_ERROR;
				GCC_WARN_UNDECLARED_SELECTOR = YES;
				GCC_WARN_UNINITIALIZED_AUTOS = YES_AGGRESSIVE;
				GCC_WARN_UNUSED_FUNCTION = YES;
				GCC_WARN_UNUSED_VARIABLE = YES;
				IPHONEOS_DEPLOYMENT_TARGET = 16.2;
				MTL_ENABLE_DEBUG_INFO = NO;
				MTL_FAST_MATH = YES;
				SDKROOT = iphoneos;
				SWIFT_COMPILATION_MODE = wholemodule;
				SWIFT_OPTIMIZATION_LEVEL = "-O";
				VALIDATE_PRODUCT = YES;
			};
			name = Release;
		};
		D79BF0D62AA085A4006A8C17 /* Debug */ = {
			isa = XCBuildConfiguration;
			buildSettings = {
				ASSETCATALOG_COMPILER_APPICON_NAME = AppIcon;
				ASSETCATALOG_COMPILER_GLOBAL_ACCENT_COLOR_NAME = AccentColor;
				CODE_SIGN_STYLE = Automatic;
				CURRENT_PROJECT_VERSION = 1;
				DEVELOPMENT_ASSET_PATHS = "\"Shapy/Preview Content\"";
				DEVELOPMENT_TEAM = 5T2462BY2W;
				ENABLE_PREVIEWS = YES;
				GENERATE_INFOPLIST_FILE = YES;
				INFOPLIST_KEY_LSApplicationCategoryType = "public.app-category.sports";
				INFOPLIST_KEY_UIApplicationSceneManifest_Generation = YES;
				INFOPLIST_KEY_UIApplicationSupportsIndirectInputEvents = YES;
				INFOPLIST_KEY_UILaunchScreen_Generation = YES;
				INFOPLIST_KEY_UISupportedInterfaceOrientations_iPad = "UIInterfaceOrientationPortrait UIInterfaceOrientationPortraitUpsideDown UIInterfaceOrientationLandscapeLeft UIInterfaceOrientationLandscapeRight";
				INFOPLIST_KEY_UISupportedInterfaceOrientations_iPhone = "UIInterfaceOrientationPortrait UIInterfaceOrientationLandscapeLeft UIInterfaceOrientationLandscapeRight";
				IPHONEOS_DEPLOYMENT_TARGET = 15.6;
				LD_RUNPATH_SEARCH_PATHS = (
					"$(inherited)",
					"@executable_path/Frameworks",
				);
				MARKETING_VERSION = 1.0;
				PRODUCT_BUNDLE_IDENTIFIER = com.dams.Shapy;
				PRODUCT_NAME = "$(TARGET_NAME)";
				SWIFT_EMIT_LOC_STRINGS = YES;
				SWIFT_VERSION = 5.0;
				TARGETED_DEVICE_FAMILY = "1,2";
			};
			name = Debug;
		};
		D79BF0D72AA085A4006A8C17 /* Release */ = {
			isa = XCBuildConfiguration;
			buildSettings = {
				ASSETCATALOG_COMPILER_APPICON_NAME = AppIcon;
				ASSETCATALOG_COMPILER_GLOBAL_ACCENT_COLOR_NAME = AccentColor;
				CODE_SIGN_STYLE = Automatic;
				CURRENT_PROJECT_VERSION = 1;
				DEVELOPMENT_ASSET_PATHS = "\"Shapy/Preview Content\"";
				DEVELOPMENT_TEAM = 5T2462BY2W;
				ENABLE_PREVIEWS = YES;
				GENERATE_INFOPLIST_FILE = YES;
				INFOPLIST_KEY_LSApplicationCategoryType = "public.app-category.sports";
				INFOPLIST_KEY_UIApplicationSceneManifest_Generation = YES;
				INFOPLIST_KEY_UIApplicationSupportsIndirectInputEvents = YES;
				INFOPLIST_KEY_UILaunchScreen_Generation = YES;
				INFOPLIST_KEY_UISupportedInterfaceOrientations_iPad = "UIInterfaceOrientationPortrait UIInterfaceOrientationPortraitUpsideDown UIInterfaceOrientationLandscapeLeft UIInterfaceOrientationLandscapeRight";
				INFOPLIST_KEY_UISupportedInterfaceOrientations_iPhone = "UIInterfaceOrientationPortrait UIInterfaceOrientationLandscapeLeft UIInterfaceOrientationLandscapeRight";
				IPHONEOS_DEPLOYMENT_TARGET = 15.6;
				LD_RUNPATH_SEARCH_PATHS = (
					"$(inherited)",
					"@executable_path/Frameworks",
				);
				MARKETING_VERSION = 1.0;
				PRODUCT_BUNDLE_IDENTIFIER = com.dams.Shapy;
				PRODUCT_NAME = "$(TARGET_NAME)";
				SWIFT_EMIT_LOC_STRINGS = YES;
				SWIFT_VERSION = 5.0;
				TARGETED_DEVICE_FAMILY = "1,2";
			};
			name = Release;
		};
/* End XCBuildConfiguration section */

/* Begin XCConfigurationList section */
		D79BF0C22AA085A2006A8C17 /* Build configuration list for PBXProject "Shapy" */ = {
			isa = XCConfigurationList;
			buildConfigurations = (
				D79BF0D32AA085A4006A8C17 /* Debug */,
				D79BF0D42AA085A4006A8C17 /* Release */,
			);
			defaultConfigurationIsVisible = 0;
			defaultConfigurationName = Release;
		};
		D79BF0D52AA085A4006A8C17 /* Build configuration list for PBXNativeTarget "Shapy" */ = {
			isa = XCConfigurationList;
			buildConfigurations = (
				D79BF0D62AA085A4006A8C17 /* Debug */,
				D79BF0D72AA085A4006A8C17 /* Release */,
			);
			defaultConfigurationIsVisible = 0;
			defaultConfigurationName = Release;
		};
/* End XCConfigurationList section */
	};
	rootObject = D79BF0BF2AA085A2006A8C17 /* Project object */;
}
